// !$*UTF8*$!
{
	archiveVersion = 1;
	classes = {
	};
	objectVersion = 55;
	objects = {

/* Begin PBXBuildFile section */
		F30E93F6291ED400006394AF /* Network.framework in Frameworks */ = {isa = PBXBuildFile; fileRef = F30E93F5291ED400006394AF /* Network.framework */; };
		F36E44FC291A03DF00B70B03 /* AppDelegate.swift in Sources */ = {isa = PBXBuildFile; fileRef = F36E44FB291A03DF00B70B03 /* AppDelegate.swift */; };
		F36E44FE291A03DF00B70B03 /* SceneDelegate.swift in Sources */ = {isa = PBXBuildFile; fileRef = F36E44FD291A03DF00B70B03 /* SceneDelegate.swift */; };
		F36E4500291A03DF00B70B03 /* DetailsViewController.swift in Sources */ = {isa = PBXBuildFile; fileRef = F36E44FF291A03DF00B70B03 /* DetailsViewController.swift */; };
		F36E4503291A03DF00B70B03 /* Main.storyboard in Resources */ = {isa = PBXBuildFile; fileRef = F36E4501291A03DF00B70B03 /* Main.storyboard */; };
		F36E4505291A03E000B70B03 /* Assets.xcassets in Resources */ = {isa = PBXBuildFile; fileRef = F36E4504291A03E000B70B03 /* Assets.xcassets */; };
		F36E4508291A03E000B70B03 /* LaunchScreen.storyboard in Resources */ = {isa = PBXBuildFile; fileRef = F36E4506291A03E000B70B03 /* LaunchScreen.storyboard */; };
		F36E4512291A060700B70B03 /* CharactersTableViewController.swift in Sources */ = {isa = PBXBuildFile; fileRef = F36E4511291A060700B70B03 /* CharactersTableViewController.swift */; };
		F36E4514291A063A00B70B03 /* Rick.swift in Sources */ = {isa = PBXBuildFile; fileRef = F36E4513291A063A00B70B03 /* Rick.swift */; };
/* End PBXBuildFile section */

/* Begin PBXFileReference section */
		F30E93F5291ED400006394AF /* Network.framework */ = {isa = PBXFileReference; lastKnownFileType = wrapper.framework; name = Network.framework; path = System/Library/Frameworks/Network.framework; sourceTree = SDKROOT; };
		F36E44F8291A03DF00B70B03 /* RickAndMorthyCharactersApp.app */ = {isa = PBXFileReference; explicitFileType = wrapper.application; includeInIndex = 0; path = RickAndMorthyCharactersApp.app; sourceTree = BUILT_PRODUCTS_DIR; };
		F36E44FB291A03DF00B70B03 /* AppDelegate.swift */ = {isa = PBXFileReference; lastKnownFileType = sourcecode.swift; path = AppDelegate.swift; sourceTree = "<group>"; };
		F36E44FD291A03DF00B70B03 /* SceneDelegate.swift */ = {isa = PBXFileReference; lastKnownFileType = sourcecode.swift; path = SceneDelegate.swift; sourceTree = "<group>"; };
		F36E44FF291A03DF00B70B03 /* DetailsViewController.swift */ = {isa = PBXFileReference; lastKnownFileType = sourcecode.swift; path = DetailsViewController.swift; sourceTree = "<group>"; };
		F36E4502291A03DF00B70B03 /* Base */ = {isa = PBXFileReference; lastKnownFileType = file.storyboard; name = Base; path = Base.lproj/Main.storyboard; sourceTree = "<group>"; };
		F36E4504291A03E000B70B03 /* Assets.xcassets */ = {isa = PBXFileReference; lastKnownFileType = folder.assetcatalog; path = Assets.xcassets; sourceTree = "<group>"; };
		F36E4507291A03E000B70B03 /* Base */ = {isa = PBXFileReference; lastKnownFileType = file.storyboard; name = Base; path = Base.lproj/LaunchScreen.storyboard; sourceTree = "<group>"; };
		F36E4509291A03E000B70B03 /* Info.plist */ = {isa = PBXFileReference; lastKnownFileType = text.plist.xml; path = Info.plist; sourceTree = "<group>"; };
		F36E4511291A060700B70B03 /* CharactersTableViewController.swift */ = {isa = PBXFileReference; lastKnownFileType = sourcecode.swift; path = CharactersTableViewController.swift; sourceTree = "<group>"; };
		F36E4513291A063A00B70B03 /* Rick.swift */ = {isa = PBXFileReference; lastKnownFileType = sourcecode.swift; path = Rick.swift; sourceTree = "<group>"; };
/* End PBXFileReference section */

/* Begin PBXFrameworksBuildPhase section */
		F36E44F5291A03DF00B70B03 /* Frameworks */ = {
			isa = PBXFrameworksBuildPhase;
			buildActionMask = 2147483647;
			files = (
				F30E93F6291ED400006394AF /* Network.framework in Frameworks */,
			);
			runOnlyForDeploymentPostprocessing = 0;
		};
/* End PBXFrameworksBuildPhase section */

/* Begin PBXGroup section */
		F30E93F4291ED400006394AF /* Frameworks */ = {
			isa = PBXGroup;
			children = (
				F30E93F5291ED400006394AF /* Network.framework */,
			);
			name = Frameworks;
			sourceTree = "<group>";
		};
		F36E44EF291A03DF00B70B03 = {
			isa = PBXGroup;
			children = (
				F36E44FA291A03DF00B70B03 /* RickAndMorthyCharactersApp */,
				F36E44F9291A03DF00B70B03 /* Products */,
				F30E93F4291ED400006394AF /* Frameworks */,
			);
			sourceTree = "<group>";
		};
		F36E44F9291A03DF00B70B03 /* Products */ = {
			isa = PBXGroup;
			children = (
				F36E44F8291A03DF00B70B03 /* RickAndMorthyCharactersApp.app */,
			);
			name = Products;
			sourceTree = "<group>";
		};
		F36E44FA291A03DF00B70B03 /* RickAndMorthyCharactersApp */ = {
			isa = PBXGroup;
			children = (
				F36E4510291A05CA00B70B03 /* model */,
				F36E450F291A05BD00B70B03 /* controller */,
				F36E44FB291A03DF00B70B03 /* AppDelegate.swift */,
				F36E44FD291A03DF00B70B03 /* SceneDelegate.swift */,
				F36E4501291A03DF00B70B03 /* Main.storyboard */,
				F36E4504291A03E000B70B03 /* Assets.xcassets */,
				F36E4506291A03E000B70B03 /* LaunchScreen.storyboard */,
				F36E4509291A03E000B70B03 /* Info.plist */,
			);
			path = RickAndMorthyCharactersApp;
			sourceTree = "<group>";
		};
		F36E450F291A05BD00B70B03 /* controller */ = {
			isa = PBXGroup;
			children = (
				F36E44FF291A03DF00B70B03 /* DetailsViewController.swift */,
				F36E4511291A060700B70B03 /* CharactersTableViewController.swift */,
			);
			path = controller;
			sourceTree = "<group>";
		};
		F36E4510291A05CA00B70B03 /* model */ = {
			isa = PBXGroup;
			children = (
				F36E4513291A063A00B70B03 /* Rick.swift */,
			);
			path = model;
			sourceTree = "<group>";
		};
/* End PBXGroup section */

/* Begin PBXNativeTarget section */
		F36E44F7291A03DF00B70B03 /* RickAndMorthyCharactersApp */ = {
			isa = PBXNativeTarget;
			buildConfigurationList = F36E450C291A03E000B70B03 /* Build configuration list for PBXNativeTarget "RickAndMorthyCharactersApp" */;
			buildPhases = (
				F36E44F4291A03DF00B70B03 /* Sources */,
				F36E44F5291A03DF00B70B03 /* Frameworks */,
				F36E44F6291A03DF00B70B03 /* Resources */,
			);
			buildRules = (
			);
			dependencies = (
			);
			name = RickAndMorthyCharactersApp;
			productName = RickAndMorthyCharactersApp;
			productReference = F36E44F8291A03DF00B70B03 /* RickAndMorthyCharactersApp.app */;
			productType = "com.apple.product-type.application";
		};
/* End PBXNativeTarget section */

/* Begin PBXProject section */
		F36E44F0291A03DF00B70B03 /* Project object */ = {
			isa = PBXProject;
			attributes = {
				BuildIndependentTargetsInParallel = 1;
				LastSwiftUpdateCheck = 1340;
				LastUpgradeCheck = 1340;
				TargetAttributes = {
					F36E44F7291A03DF00B70B03 = {
						CreatedOnToolsVersion = 13.4.1;
					};
				};
			};
			buildConfigurationList = F36E44F3291A03DF00B70B03 /* Build configuration list for PBXProject "RickAndMorthyCharactersApp" */;
			compatibilityVersion = "Xcode 13.0";
			developmentRegion = en;
			hasScannedForEncodings = 0;
			knownRegions = (
				en,
				Base,
			);
			mainGroup = F36E44EF291A03DF00B70B03;
			productRefGroup = F36E44F9291A03DF00B70B03 /* Products */;
			projectDirPath = "";
			projectRoot = "";
			targets = (
				F36E44F7291A03DF00B70B03 /* RickAndMorthyCharactersApp */,
			);
		};
/* End PBXProject section */

/* Begin PBXResourcesBuildPhase section */
		F36E44F6291A03DF00B70B03 /* Resources */ = {
			isa = PBXResourcesBuildPhase;
			buildActionMask = 2147483647;
			files = (
				F36E4508291A03E000B70B03 /* LaunchScreen.storyboard in Resources */,
				F36E4505291A03E000B70B03 /* Assets.xcassets in Resources */,
				F36E4503291A03DF00B70B03 /* Main.storyboard in Resources */,
			);
			runOnlyForDeploymentPostprocessing = 0;
		};
/* End PBXResourcesBuildPhase section */

/* Begin PBXSourcesBuildPhase section */
		F36E44F4291A03DF00B70B03 /* Sources */ = {
			isa = PBXSourcesBuildPhase;
			buildActionMask = 2147483647;
			files = (
				F36E4500291A03DF00B70B03 /* DetailsViewController.swift in Sources */,
				F36E4512291A060700B70B03 /* CharactersTableViewController.swift in Sources */,
				F36E44FC291A03DF00B70B03 /* AppDelegate.swift in Sources */,
				F36E4514291A063A00B70B03 /* Rick.swift in Sources */,
				F36E44FE291A03DF00B70B03 /* SceneDelegate.swift in Sources */,
			);
			runOnlyForDeploymentPostprocessing = 0;
		};
/* End PBXSourcesBuildPhase section */

/* Begin PBXVariantGroup section */
		F36E4501291A03DF00B70B03 /* Main.storyboard */ = {
			isa = PBXVariantGroup;
			children = (
				F36E4502291A03DF00B70B03 /* Base */,
			);
			name = Main.storyboard;
			sourceTree = "<group>";
		};
		F36E4506291A03E000B70B03 /* LaunchScreen.storyboard */ = {
			isa = PBXVariantGroup;
			children = (
				F36E4507291A03E000B70B03 /* Base */,
			);
			name = LaunchScreen.storyboard;
			sourceTree = "<group>";
		};
/* End PBXVariantGroup section */

/* Begin XCBuildConfiguration section */
		F36E450A291A03E000B70B03 /* Debug */ = {
			isa = XCBuildConfiguration;
			buildSettings = {
				ALWAYS_SEARCH_USER_PATHS = NO;
				CLANG_ANALYZER_NONNULL = YES;
				CLANG_ANALYZER_NUMBER_OBJECT_CONVERSION = YES_AGGRESSIVE;
				CLANG_CXX_LANGUAGE_STANDARD = "gnu++17";
				CLANG_ENABLE_MODULES = YES;
				CLANG_ENABLE_OBJC_ARC = YES;
				CLANG_ENABLE_OBJC_WEAK = YES;
				CLANG_WARN_BLOCK_CAPTURE_AUTORELEASING = YES;
				CLANG_WARN_BOOL_CONVERSION = YES;
				CLANG_WARN_COMMA = YES;
				CLANG_WARN_CONSTANT_CONVERSION = YES;
				CLANG_WARN_DEPRECATED_OBJC_IMPLEMENTATIONS = YES;
				CLANG_WARN_DIRECT_OBJC_ISA_USAGE = YES_ERROR;
				CLANG_WARN_DOCUMENTATION_COMMENTS = YES;
				CLANG_WARN_EMPTY_BODY = YES;
				CLANG_WARN_ENUM_CONVERSION = YES;
				CLANG_WARN_INFINITE_RECURSION = YES;
				CLANG_WARN_INT_CONVERSION = YES;
				CLANG_WARN_NON_LITERAL_NULL_CONVERSION = YES;
				CLANG_WARN_OBJC_IMPLICIT_RETAIN_SELF = YES;
				CLANG_WARN_OBJC_LITERAL_CONVERSION = YES;
				CLANG_WARN_OBJC_ROOT_CLASS = YES_ERROR;
				CLANG_WARN_QUOTED_INCLUDE_IN_FRAMEWORK_HEADER = YES;
				CLANG_WARN_RANGE_LOOP_ANALYSIS = YES;
				CLANG_WARN_STRICT_PROTOTYPES = YES;
				CLANG_WARN_SUSPICIOUS_MOVE = YES;
				CLANG_WARN_UNGUARDED_AVAILABILITY = YES_AGGRESSIVE;
				CLANG_WARN_UNREACHABLE_CODE = YES;
				CLANG_WARN__DUPLICATE_METHOD_MATCH = YES;
				COPY_PHASE_STRIP = NO;
				DEBUG_INFORMATION_FORMAT = dwarf;
				ENABLE_STRICT_OBJC_MSGSEND = YES;
				ENABLE_TESTABILITY = YES;
				GCC_C_LANGUAGE_STANDARD = gnu11;
				GCC_DYNAMIC_NO_PIC = NO;
				GCC_NO_COMMON_BLOCKS = YES;
				GCC_OPTIMIZATION_LEVEL = 0;
				GCC_PREPROCESSOR_DEFINITIONS = (
					"DEBUG=1",
					"$(inherited)",
				);
				GCC_WARN_64_TO_32_BIT_CONVERSION = YES;
				GCC_WARN_ABOUT_RETURN_TYPE = YES_ERROR;
				GCC_WARN_UNDECLARED_SELECTOR = YES;
				GCC_WARN_UNINITIALIZED_AUTOS = YES_AGGRESSIVE;
				GCC_WARN_UNUSED_FUNCTION = YES;
				GCC_WARN_UNUSED_VARIABLE = YES;
				IPHONEOS_DEPLOYMENT_TARGET = 15.5;
				MTL_ENABLE_DEBUG_INFO = INCLUDE_SOURCE;
				MTL_FAST_MATH = YES;
				ONLY_ACTIVE_ARCH = YES;
				SDKROOT = iphoneos;
				SWIFT_ACTIVE_COMPILATION_CONDITIONS = DEBUG;
				SWIFT_OPTIMIZATION_LEVEL = "-Onone";
			};
			name = Debug;
		};
		F36E450B291A03E000B70B03 /* Release */ = {
			isa = XCBuildConfiguration;
			buildSettings = {
				ALWAYS_SEARCH_USER_PATHS = NO;
				CLANG_ANALYZER_NONNULL = YES;
				CLANG_ANALYZER_NUMBER_OBJECT_CONVERSION = YES_AGGRESSIVE;
				CLANG_CXX_LANGUAGE_STANDARD = "gnu++17";
				CLANG_ENABLE_MODULES = YES;
				CLANG_ENABLE_OBJC_ARC = YES;
				CLANG_ENABLE_OBJC_WEAK = YES;
				CLANG_WARN_BLOCK_CAPTURE_AUTORELEASING = YES;
				CLANG_WARN_BOOL_CONVERSION = YES;
				CLANG_WARN_COMMA = YES;
				CLANG_WARN_CONSTANT_CONVERSION = YES;
				CLANG_WARN_DEPRECATED_OBJC_IMPLEMENTATIONS = YES;
				CLANG_WARN_DIRECT_OBJC_ISA_USAGE = YES_ERROR;
				CLANG_WARN_DOCUMENTATION_COMMENTS = YES;
				CLANG_WARN_EMPTY_BODY = YES;
				CLANG_WARN_ENUM_CONVERSION = YES;
				CLANG_WARN_INFINITE_RECURSION = YES;
				CLANG_WARN_INT_CONVERSION = YES;
				CLANG_WARN_NON_LITERAL_NULL_CONVERSION = YES;
				CLANG_WARN_OBJC_IMPLICIT_RETAIN_SELF = YES;
				CLANG_WARN_OBJC_LITERAL_CONVERSION = YES;
				CLANG_WARN_OBJC_ROOT_CLASS = YES_ERROR;
				CLANG_WARN_QUOTED_INCLUDE_IN_FRAMEWORK_HEADER = YES;
				CLANG_WARN_RANGE_LOOP_ANALYSIS = YES;
				CLANG_WARN_STRICT_PROTOTYPES = YES;
				CLANG_WARN_SUSPICIOUS_MOVE = YES;
				CLANG_WARN_UNGUARDED_AVAILABILITY = YES_AGGRESSIVE;
				CLANG_WARN_UNREACHABLE_CODE = YES;
				CLANG_WARN__DUPLICATE_METHOD_MATCH = YES;
				COPY_PHASE_STRIP = NO;
				DEBUG_INFORMATION_FORMAT = "dwarf-with-dsym";
				ENABLE_NS_ASSERTIONS = NO;
				ENABLE_STRICT_OBJC_MSGSEND = YES;
				GCC_C_LANGUAGE_STANDARD = gnu11;
				GCC_NO_COMMON_BLOCKS = YES;
				GCC_WARN_64_TO_32_BIT_CONVERSION = YES;
				GCC_WARN_ABOUT_RETURN_TYPE = YES_ERROR;
				GCC_WARN_UNDECLARED_SELECTOR = YES;
				GCC_WARN_UNINITIALIZED_AUTOS = YES_AGGRESSIVE;
				GCC_WARN_UNUSED_FUNCTION = YES;
				GCC_WARN_UNUSED_VARIABLE = YES;
				IPHONEOS_DEPLOYMENT_TARGET = 15.5;
				MTL_ENABLE_DEBUG_INFO = NO;
				MTL_FAST_MATH = YES;
				SDKROOT = iphoneos;
				SWIFT_COMPILATION_MODE = wholemodule;
				SWIFT_OPTIMIZATION_LEVEL = "-O";
				VALIDATE_PRODUCT = YES;
			};
			name = Release;
		};
		F36E450D291A03E000B70B03 /* Debug */ = {
			isa = XCBuildConfiguration;
			buildSettings = {
				ASSETCATALOG_COMPILER_APPICON_NAME = AppIcon;
				ASSETCATALOG_COMPILER_GLOBAL_ACCENT_COLOR_NAME = AccentColor;
				CODE_SIGN_STYLE = Automatic;
				CURRENT_PROJECT_VERSION = 1;
				DEVELOPMENT_TEAM = CR93AWFT86;
				GENERATE_INFOPLIST_FILE = YES;
				INFOPLIST_FILE = RickAndMorthyCharactersApp/Info.plist;
				INFOPLIST_KEY_UIApplicationSupportsIndirectInputEvents = YES;
				INFOPLIST_KEY_UILaunchStoryboardName = LaunchScreen;
				INFOPLIST_KEY_UIMainStoryboardFile = Main;
				INFOPLIST_KEY_UISupportedInterfaceOrientations_iPad = "UIInterfaceOrientationPortrait UIInterfaceOrientationPortraitUpsideDown UIInterfaceOrientationLandscapeLeft UIInterfaceOrientationLandscapeRight";
				INFOPLIST_KEY_UISupportedInterfaceOrientations_iPhone = "UIInterfaceOrientationPortrait UIInterfaceOrientationLandscapeLeft UIInterfaceOrientationLandscapeRight";
				LD_RUNPATH_SEARCH_PATHS = (
					"$(inherited)",
					"@executable_path/Frameworks",
				);
				MARKETING_VERSION = 1.0;
				PRODUCT_BUNDLE_IDENTIFIER = diplomado.ejercicios.osmar.RickAndMorthyCharactersApp;
				PRODUCT_NAME = "$(TARGET_NAME)";
				SWIFT_EMIT_LOC_STRINGS = YES;
				SWIFT_VERSION = 5.0;
				TARGETED_DEVICE_FAMILY = "1,2";
			};
			name = Debug;
		};
		F36E450E291A03E000B70B03 /* Release */ = {
			isa = XCBuildConfiguration;
			buildSettings = {
				ASSETCATALOG_COMPILER_APPICON_NAME = AppIcon;
				ASSETCATALOG_COMPILER_GLOBAL_ACCENT_COLOR_NAME = AccentColor;
				CODE_SIGN_STYLE = Automatic;
				CURRENT_PROJECT_VERSION = 1;
				DEVELOPMENT_TEAM = CR93AWFT86;
				GENERATE_INFOPLIST_FILE = YES;
				INFOPLIST_FILE = RickAndMorthyCharactersApp/Info.plist;
				INFOPLIST_KEY_UIApplicationSupportsIndirectInputEvents = YES;
				INFOPLIST_KEY_UILaunchStoryboardName = LaunchScreen;
				INFOPLIST_KEY_UIMainStoryboardFile = Main;
				INFOPLIST_KEY_UISupportedInterfaceOrientations_iPad = "UIInterfaceOrientationPortrait UIInterfaceOrientationPortraitUpsideDown UIInterfaceOrientationLandscapeLeft UIInterfaceOrientationLandscapeRight";
				INFOPLIST_KEY_UISupportedInterfaceOrientations_iPhone = "UIInterfaceOrientationPortrait UIInterfaceOrientationLandscapeLeft UIInterfaceOrientationLandscapeRight";
				LD_RUNPATH_SEARCH_PATHS = (
					"$(inherited)",
					"@executable_path/Frameworks",
				);
				MARKETING_VERSION = 1.0;
				PRODUCT_BUNDLE_IDENTIFIER = diplomado.ejercicios.osmar.RickAndMorthyCharactersApp;
				PRODUCT_NAME = "$(TARGET_NAME)";
				SWIFT_EMIT_LOC_STRINGS = YES;
				SWIFT_VERSION = 5.0;
				TARGETED_DEVICE_FAMILY = "1,2";
			};
			name = Release;
		};
/* End XCBuildConfiguration section */

/* Begin XCConfigurationList section */
		F36E44F3291A03DF00B70B03 /* Build configuration list for PBXProject "RickAndMorthyCharactersApp" */ = {
			isa = XCConfigurationList;
			buildConfigurations = (
				F36E450A291A03E000B70B03 /* Debug */,
				F36E450B291A03E000B70B03 /* Release */,
			);
			defaultConfigurationIsVisible = 0;
			defaultConfigurationName = Release;
		};
		F36E450C291A03E000B70B03 /* Build configuration list for PBXNativeTarget "RickAndMorthyCharactersApp" */ = {
			isa = XCConfigurationList;
			buildConfigurations = (
				F36E450D291A03E000B70B03 /* Debug */,
				F36E450E291A03E000B70B03 /* Release */,
			);
			defaultConfigurationIsVisible = 0;
			defaultConfigurationName = Release;
		};
/* End XCConfigurationList section */
	};
	rootObject = F36E44F0291A03DF00B70B03 /* Project object */;
}
